
Microsoft Visual Studio Solution File, Format Version 12.00
# Visual Studio 2013
VisualStudioVersion = 12.0.40629.0
MinimumVisualStudioVersion = 10.0.40219.1
Project("{FAE04EC0-301F-11D3-BF4B-00C04F79EFBC}") = "StokOtomasyon", "StokOtomasyon\StokOtomasyon.csproj", "{9F1CCB74-0F37-4206-AC35-537295311272}"
EndProject
Project("{FAE04EC0-301F-11D3-BF4B-00C04F79EFBC}") = "StokOtomasyon.DLL", "StokOtomasyon.DLL\StokOtomasyon.DLL.csproj", "{680F09CC-9508-41F4-B810-ADCE04FF9CA8}"
EndProject
Project("{FAE04EC0-301F-11D3-BF4B-00C04F79EFBC}") = "StokOtomasyon.BLL", "StokOtomasyon.BLL\StokOtomasyon.BLL.csproj", "{2AAFC560-2B44-474D-BDD3-0773BE5624AA}"
EndProject
Global
	GlobalSection(SolutionConfigurationPlatforms) = preSolution
		Debug|Any CPU = Debug|Any CPU
		Release|Any CPU = Release|Any CPU
	EndGlobalSection
	GlobalSection(ProjectConfigurationPlatforms) = postSolution
		{9F1CCB74-0F37-4206-AC35-537295311272}.Debug|Any CPU.ActiveCfg = Debug|Any CPU
		{9F1CCB74-0F37-4206-AC35-537295311272}.Debug|Any CPU.Build.0 = Debug|Any CPU
		{9F1CCB74-0F37-4206-AC35-537295311272}.Release|Any CPU.ActiveCfg = Release|Any CPU
		{9F1CCB74-0F37-4206-AC35-537295311272}.Release|Any CPU.Build.0 = Release|Any CPU
		{680F09CC-9508-41F4-B810-ADCE04FF9CA8}.Debug|Any CPU.ActiveCfg = Debug|Any CPU
		{680F09CC-9508-41F4-B810-ADCE04FF9CA8}.Debug|Any CPU.Build.0 = Debug|Any CPU
		{680F09CC-9508-41F4-B810-ADCE04FF9CA8}.Release|Any CPU.ActiveCfg = Release|Any CPU
		{680F09CC-9508-41F4-B810-ADCE04FF9CA8}.Release|Any CPU.Build.0 = Release|Any CPU
		{2AAFC560-2B44-474D-BDD3-0773BE5624AA}.Debug|Any CPU.ActiveCfg = Debug|Any CPU
		{2AAFC560-2B44-474D-BDD3-0773BE5624AA}.Debug|Any CPU.Build.0 = Debug|Any CPU
		{2AAFC560-2B44-474D-BDD3-0773BE5624AA}.Release|Any CPU.ActiveCfg = Release|Any CPU
		{2AAFC560-2B44-474D-BDD3-0773BE5624AA}.Release|Any CPU.Build.0 = Release|Any CPU
	EndGlobalSection
	GlobalSection(SolutionProperties) = preSolution
		HideSolutionNode = FALSE
	EndGlobalSection
EndGlobal
